
Microsoft Visual Studio Solution File, Format Version 12.00
# Visual Studio Version 17
VisualStudioVersion = 17.4.33205.214
MinimumVisualStudioVersion = 10.0.40219.1
Project("{FAE04EC0-301F-11D3-BF4B-00C04F79EFBC}") = "Talabat.Apis", "Talabat.Apis\Talabat.Apis.csproj", "{93D7C66C-DCA5-4939-9BA5-4AE7689BAF89}"
EndProject
Project("{FAE04EC0-301F-11D3-BF4B-00C04F79EFBC}") = "Talabat.Core", "Talabat.Core\Talabat.Core.csproj", "{45DA8498-91AD-4B3D-9E2F-EF225FB25424}"
EndProject
Project("{FAE04EC0-301F-11D3-BF4B-00C04F79EFBC}") = "Talabat.Repository", "Talabat.Repository\Talabat.Repository.csproj", "{A3534E77-9376-4592-B650-8B79466F4644}"
EndProject
Project("{FAE04EC0-301F-11D3-BF4B-00C04F79EFBC}") = "Talabat.Service", "Talabat.Service\Talabat.Service.csproj", "{B7174C54-F7E3-4010-BF9E-E7663CA50A39}"
EndProject
Global
	GlobalSection(SolutionConfigurationPlatforms) = preSolution
		Debug|Any CPU = Debug|Any CPU
		Release|Any CPU = Release|Any CPU
	EndGlobalSection
	GlobalSection(ProjectConfigurationPlatforms) = postSolution
		{93D7C66C-DCA5-4939-9BA5-4AE7689BAF89}.Debug|Any CPU.ActiveCfg = Debug|Any CPU
		{93D7C66C-DCA5-4939-9BA5-4AE7689BAF89}.Debug|Any CPU.Build.0 = Debug|Any CPU
		{93D7C66C-DCA5-4939-9BA5-4AE7689BAF89}.Release|Any CPU.ActiveCfg = Release|Any CPU
		{93D7C66C-DCA5-4939-9BA5-4AE7689BAF89}.Release|Any CPU.Build.0 = Release|Any CPU
		{45DA8498-91AD-4B3D-9E2F-EF225FB25424}.Debug|Any CPU.ActiveCfg = Debug|Any CPU
		{45DA8498-91AD-4B3D-9E2F-EF225FB25424}.Debug|Any CPU.Build.0 = Debug|Any CPU
		{45DA8498-91AD-4B3D-9E2F-EF225FB25424}.Release|Any CPU.ActiveCfg = Release|Any CPU
		{45DA8498-91AD-4B3D-9E2F-EF225FB25424}.Release|Any CPU.Build.0 = Release|Any CPU
		{A3534E77-9376-4592-B650-8B79466F4644}.Debug|Any CPU.ActiveCfg = Debug|Any CPU
		{A3534E77-9376-4592-B650-8B79466F4644}.Debug|Any CPU.Build.0 = Debug|Any CPU
		{A3534E77-9376-4592-B650-8B79466F4644}.Release|Any CPU.ActiveCfg = Release|Any CPU
		{A3534E77-9376-4592-B650-8B79466F4644}.Release|Any CPU.Build.0 = Release|Any CPU
		{B7174C54-F7E3-4010-BF9E-E7663CA50A39}.Debug|Any CPU.ActiveCfg = Debug|Any CPU
		{B7174C54-F7E3-4010-BF9E-E7663CA50A39}.Debug|Any CPU.Build.0 = Debug|Any CPU
		{B7174C54-F7E3-4010-BF9E-E7663CA50A39}.Release|Any CPU.ActiveCfg = Release|Any CPU
		{B7174C54-F7E3-4010-BF9E-E7663CA50A39}.Release|Any CPU.Build.0 = Release|Any CPU
	EndGlobalSection
	GlobalSection(SolutionProperties) = preSolution
		HideSolutionNode = FALSE
	EndGlobalSection
	GlobalSection(ExtensibilityGlobals) = postSolution
		SolutionGuid = {F883FE40-8F0F-44DE-ABFD-07C4117FA92F}
	EndGlobalSection
EndGlobal
